
Microsoft Visual Studio Solution File, Format Version 12.00
# Visual Studio Version 16
VisualStudioVersion = 16.0.30621.155
MinimumVisualStudioVersion = 10.0.40219.1
Project("{9A19103F-16F7-4668-BE54-9A1E7A4F7556}") = "DataCollector", "DataCollector\DataCollector.csproj", "{835016E0-4E42-4405-B189-A4EF0C617F5D}"
EndProject
Project("{9A19103F-16F7-4668-BE54-9A1E7A4F7556}") = "CommonLib", "..\DotNetLibraries\CommonLib\CommonLib\CommonLib.csproj", "{032E847F-50D8-48F9-B714-095CA82716F0}"
EndProject
Project("{FAE04EC0-301F-11D3-BF4B-00C04F79EFBC}") = "DataCollector.Jig", "DataCollector.Jig\DataCollector.Jig.csproj", "{B071F9F7-AB22-4759-8D5D-862060B05025}"
EndProject
Global
	GlobalSection(SolutionConfigurationPlatforms) = preSolution
		Debug|Any CPU = Debug|Any CPU
		Release|Any CPU = Release|Any CPU
	EndGlobalSection
	GlobalSection(ProjectConfigurationPlatforms) = postSolution
		{835016E0-4E42-4405-B189-A4EF0C617F5D}.Debug|Any CPU.ActiveCfg = Debug|Any CPU
		{835016E0-4E42-4405-B189-A4EF0C617F5D}.Debug|Any CPU.Build.0 = Debug|Any CPU
		{835016E0-4E42-4405-B189-A4EF0C617F5D}.Release|Any CPU.ActiveCfg = Release|Any CPU
		{835016E0-4E42-4405-B189-A4EF0C617F5D}.Release|Any CPU.Build.0 = Release|Any CPU
		{032E847F-50D8-48F9-B714-095CA82716F0}.Debug|Any CPU.ActiveCfg = Debug|Any CPU
		{032E847F-50D8-48F9-B714-095CA82716F0}.Debug|Any CPU.Build.0 = Debug|Any CPU
		{032E847F-50D8-48F9-B714-095CA82716F0}.Release|Any CPU.ActiveCfg = Release|Any CPU
		{032E847F-50D8-48F9-B714-095CA82716F0}.Release|Any CPU.Build.0 = Release|Any CPU
		{B071F9F7-AB22-4759-8D5D-862060B05025}.Debug|Any CPU.ActiveCfg = Debug|Any CPU
		{B071F9F7-AB22-4759-8D5D-862060B05025}.Debug|Any CPU.Build.0 = Debug|Any CPU
		{B071F9F7-AB22-4759-8D5D-862060B05025}.Release|Any CPU.ActiveCfg = Release|Any CPU
		{B071F9F7-AB22-4759-8D5D-862060B05025}.Release|Any CPU.Build.0 = Release|Any CPU
	EndGlobalSection
	GlobalSection(SolutionProperties) = preSolution
		HideSolutionNode = FALSE
	EndGlobalSection
	GlobalSection(ExtensibilityGlobals) = postSolution
		SolutionGuid = {21D04340-4EC7-4B3F-859D-84E668968695}
	EndGlobalSection
EndGlobal
