
Microsoft Visual Studio Solution File, Format Version 12.00
# Visual Studio Version 16
VisualStudioVersion = 16.0.30621.155
MinimumVisualStudioVersion = 10.0.40219.1
Project("{9A19103F-16F7-4668-BE54-9A1E7A4F7556}") = "CommonLib", "..\DotNetLibraries\CommonLib\CommonLib\CommonLib.csproj", "{032E847F-50D8-48F9-B714-095CA82716F0}"
EndProject
Project("{9A19103F-16F7-4668-BE54-9A1E7A4F7556}") = "MusicgameTools.DataCollector", "MusicgameTools.DataCollector\MusicgameTools.DataCollector.csproj", "{FFB744C0-D4B3-4F05-8CE9-4C1BC803C5AB}"
EndProject
Project("{9A19103F-16F7-4668-BE54-9A1E7A4F7556}") = "MusicgameTools.DataCollector.Jig", "MusicgameTools.DataCollector.Jig\MusicgameTools.DataCollector.Jig.csproj", "{899116C8-1543-4B91-A6B4-64DD6B82BABB}"
EndProject
Global
	GlobalSection(SolutionConfigurationPlatforms) = preSolution
		Debug|Any CPU = Debug|Any CPU
		Release|Any CPU = Release|Any CPU
	EndGlobalSection
	GlobalSection(ProjectConfigurationPlatforms) = postSolution
		{032E847F-50D8-48F9-B714-095CA82716F0}.Debug|Any CPU.ActiveCfg = Debug|Any CPU
		{032E847F-50D8-48F9-B714-095CA82716F0}.Debug|Any CPU.Build.0 = Debug|Any CPU
		{032E847F-50D8-48F9-B714-095CA82716F0}.Release|Any CPU.ActiveCfg = Release|Any CPU
		{032E847F-50D8-48F9-B714-095CA82716F0}.Release|Any CPU.Build.0 = Release|Any CPU
		{FFB744C0-D4B3-4F05-8CE9-4C1BC803C5AB}.Debug|Any CPU.ActiveCfg = Debug|Any CPU
		{FFB744C0-D4B3-4F05-8CE9-4C1BC803C5AB}.Debug|Any CPU.Build.0 = Debug|Any CPU
		{FFB744C0-D4B3-4F05-8CE9-4C1BC803C5AB}.Release|Any CPU.ActiveCfg = Release|Any CPU
		{FFB744C0-D4B3-4F05-8CE9-4C1BC803C5AB}.Release|Any CPU.Build.0 = Release|Any CPU
		{899116C8-1543-4B91-A6B4-64DD6B82BABB}.Debug|Any CPU.ActiveCfg = Debug|Any CPU
		{899116C8-1543-4B91-A6B4-64DD6B82BABB}.Debug|Any CPU.Build.0 = Debug|Any CPU
		{899116C8-1543-4B91-A6B4-64DD6B82BABB}.Release|Any CPU.ActiveCfg = Release|Any CPU
		{899116C8-1543-4B91-A6B4-64DD6B82BABB}.Release|Any CPU.Build.0 = Release|Any CPU
	EndGlobalSection
	GlobalSection(SolutionProperties) = preSolution
		HideSolutionNode = FALSE
	EndGlobalSection
	GlobalSection(ExtensibilityGlobals) = postSolution
		SolutionGuid = {21D04340-4EC7-4B3F-859D-84E668968695}
	EndGlobalSection
EndGlobal
